
Microsoft Visual Studio Solution File, Format Version 12.00
# Visual Studio Version 17
VisualStudioVersion = 17.7.34003.232
MinimumVisualStudioVersion = 10.0.40219.1
Project("{FAE04EC0-301F-11D3-BF4B-00C04F79EFBC}") = "WebApi", "WebApi\WebApi.csproj", "{8FDE7B8E-421D-433A-8ED0-EAC52DF781F9}"
EndProject
Project("{FAE04EC0-301F-11D3-BF4B-00C04F79EFBC}") = "Persistence", "Persistence\Persistence.csproj", "{E186CAA8-F5E1-4CEB-B893-B26D34C1F204}"
EndProject
Project("{FAE04EC0-301F-11D3-BF4B-00C04F79EFBC}") = "Domain", "Domain\Domain.csproj", "{B9B1998E-989E-407D-9797-AE50A88EB1B9}"
EndProject
Project("{FAE04EC0-301F-11D3-BF4B-00C04F79EFBC}") = "Application", "Application\Application.csproj", "{6B3A62E6-73B7-4FE5-9780-AB607D859DF0}"
EndProject
Project("{FAE04EC0-301F-11D3-BF4B-00C04F79EFBC}") = "Infrastructure", "Infrastructure\Infrastructure.csproj", "{6ACC7E69-87DA-444A-9737-679A8C58B01E}"
EndProject
Global
	GlobalSection(SolutionConfigurationPlatforms) = preSolution
		Debug|Any CPU = Debug|Any CPU
		Release|Any CPU = Release|Any CPU
	EndGlobalSection
	GlobalSection(ProjectConfigurationPlatforms) = postSolution
		{8FDE7B8E-421D-433A-8ED0-EAC52DF781F9}.Debug|Any CPU.ActiveCfg = Debug|Any CPU
		{8FDE7B8E-421D-433A-8ED0-EAC52DF781F9}.Debug|Any CPU.Build.0 = Debug|Any CPU
		{8FDE7B8E-421D-433A-8ED0-EAC52DF781F9}.Release|Any CPU.ActiveCfg = Release|Any CPU
		{8FDE7B8E-421D-433A-8ED0-EAC52DF781F9}.Release|Any CPU.Build.0 = Release|Any CPU
		{E186CAA8-F5E1-4CEB-B893-B26D34C1F204}.Debug|Any CPU.ActiveCfg = Debug|Any CPU
		{E186CAA8-F5E1-4CEB-B893-B26D34C1F204}.Debug|Any CPU.Build.0 = Debug|Any CPU
		{E186CAA8-F5E1-4CEB-B893-B26D34C1F204}.Release|Any CPU.ActiveCfg = Release|Any CPU
		{E186CAA8-F5E1-4CEB-B893-B26D34C1F204}.Release|Any CPU.Build.0 = Release|Any CPU
		{B9B1998E-989E-407D-9797-AE50A88EB1B9}.Debug|Any CPU.ActiveCfg = Debug|Any CPU
		{B9B1998E-989E-407D-9797-AE50A88EB1B9}.Debug|Any CPU.Build.0 = Debug|Any CPU
		{B9B1998E-989E-407D-9797-AE50A88EB1B9}.Release|Any CPU.ActiveCfg = Release|Any CPU
		{B9B1998E-989E-407D-9797-AE50A88EB1B9}.Release|Any CPU.Build.0 = Release|Any CPU
		{6B3A62E6-73B7-4FE5-9780-AB607D859DF0}.Debug|Any CPU.ActiveCfg = Debug|Any CPU
		{6B3A62E6-73B7-4FE5-9780-AB607D859DF0}.Debug|Any CPU.Build.0 = Debug|Any CPU
		{6B3A62E6-73B7-4FE5-9780-AB607D859DF0}.Release|Any CPU.ActiveCfg = Release|Any CPU
		{6B3A62E6-73B7-4FE5-9780-AB607D859DF0}.Release|Any CPU.Build.0 = Release|Any CPU
		{6ACC7E69-87DA-444A-9737-679A8C58B01E}.Debug|Any CPU.ActiveCfg = Debug|Any CPU
		{6ACC7E69-87DA-444A-9737-679A8C58B01E}.Debug|Any CPU.Build.0 = Debug|Any CPU
		{6ACC7E69-87DA-444A-9737-679A8C58B01E}.Release|Any CPU.ActiveCfg = Release|Any CPU
		{6ACC7E69-87DA-444A-9737-679A8C58B01E}.Release|Any CPU.Build.0 = Release|Any CPU
	EndGlobalSection
	GlobalSection(SolutionProperties) = preSolution
		HideSolutionNode = FALSE
	EndGlobalSection
	GlobalSection(ExtensibilityGlobals) = postSolution
		SolutionGuid = {E365735A-39FF-4880-AB50-158A43A3FAD8}
	EndGlobalSection
EndGlobal
